
Microsoft Visual Studio Solution File, Format Version 12.00
# Visual Studio Version 17
VisualStudioVersion = 17.0.32112.339
MinimumVisualStudioVersion = 10.0.40219.1
Project("{FAE04EC0-301F-11D3-BF4B-00C04F79EFBC}") = "Calculator", "Calculator\Calculator.csproj", "{4AEEED1D-29EB-412F-B639-0F14416A5571}"
EndProject
Global
	GlobalSection(SolutionConfigurationPlatforms) = preSolution
		Debug|Any CPU = Debug|Any CPU
		Release|Any CPU = Release|Any CPU
	EndGlobalSection
	GlobalSection(ProjectConfigurationPlatforms) = postSolution
		{4AEEED1D-29EB-412F-B639-0F14416A5571}.Debug|Any CPU.ActiveCfg = Debug|Any CPU
		{4AEEED1D-29EB-412F-B639-0F14416A5571}.Debug|Any CPU.Build.0 = Debug|Any CPU
		{4AEEED1D-29EB-412F-B639-0F14416A5571}.Release|Any CPU.ActiveCfg = Release|Any CPU
		{4AEEED1D-29EB-412F-B639-0F14416A5571}.Release|Any CPU.Build.0 = Release|Any CPU
	EndGlobalSection
	GlobalSection(SolutionProperties) = preSolution
		HideSolutionNode = FALSE
	EndGlobalSection
	GlobalSection(ExtensibilityGlobals) = postSolution
		SolutionGuid = {F9D0AE59-D5BB-4889-A115-70B8F0A0B1B9}
	EndGlobalSection
EndGlobal
